PODS:
  - CCIRecordVoice (0.0.2)

DEPENDENCIES:
  - CCIRecordVoice (from `./CCIRecordVoice.podspec`)

EXTERNAL SOURCES:
  CCIRecordVoice:
    :path: "./CCIRecordVoice.podspec"

SPEC CHECKSUMS:
  CCIRecordVoice: 1e570631ffa1c0906c41bf1d8cff6dee6bfcbded

PODFILE CHECKSUM: 766b9c017348cbfdaa872acd8a1647d7cb4f6c25

COCOAPODS: 1.5.3
